Microsoft Visual Studio Solution File, Format Version 12.00
# Visual Studio 2013
VisualStudioVersion = 12.0.40629.0
MinimumVisualStudioVersion = 10.0.40219.1
Project("{FAE04EC0-301F-11D3-BF4B-00C04F79EFBC}") = "XUnit.HandsOn.Session3", "XUnit.HandsOn.Session3\XUnit.HandsOn.Session3.csproj", "{0D125865-F774-4C4E-AE95-FA5802B8CCAF}"
EndProject
Project("{FAE04EC0-301F-11D3-BF4B-00C04F79EFBC}") = "Test.XUnit.HandsOn.Session3", "Test.XUnit.HandsOn.Session3\Test.XUnit.HandsOn.Session3.csproj", "{CB58EC86-3713-4E15-AF47-B5BE3F507FBD}"
EndProject
Project("{2150E333-8FDC-42A3-9474-1A3956D46DE8}") = ".nuget", ".nuget", "{1CFFA39C-5B5A-44E8-A4E0-713E9C05C9EE}"
	ProjectSection(SolutionItems) = preProject
		.nuget\NuGet.Config = .nuget\NuGet.Config
		.nuget\NuGet.exe = .nuget\NuGet.exe
		.nuget\NuGet.targets = .nuget\NuGet.targets
	EndProjectSection
EndProject
Global
	GlobalSection(SolutionConfigurationPlatforms) = preSolution
		Debug|x86 = Debug|x86
		Release|x86 = Release|x86
	EndGlobalSection
	GlobalSection(ProjectConfigurationPlatforms) = postSolution
		{0D125865-F774-4C4E-AE95-FA5802B8CCAF}.Debug|x86.ActiveCfg = Debug|x86
		{0D125865-F774-4C4E-AE95-FA5802B8CCAF}.Debug|x86.Build.0 = Debug|x86
		{0D125865-F774-4C4E-AE95-FA5802B8CCAF}.Release|x86.ActiveCfg = Release|x86
		{0D125865-F774-4C4E-AE95-FA5802B8CCAF}.Release|x86.Build.0 = Release|x86
		{CB58EC86-3713-4E15-AF47-B5BE3F507FBD}.Debug|x86.ActiveCfg = Debug|Any CPU
		{CB58EC86-3713-4E15-AF47-B5BE3F507FBD}.Debug|x86.Build.0 = Debug|Any CPU
		{CB58EC86-3713-4E15-AF47-B5BE3F507FBD}.Release|x86.ActiveCfg = Release|Any CPU
		{CB58EC86-3713-4E15-AF47-B5BE3F507FBD}.Release|x86.Build.0 = Release|Any CPU
	EndGlobalSection
	GlobalSection(SolutionProperties) = preSolution
		HideSolutionNode = FALSE
	EndGlobalSection
EndGlobal
