
Microsoft Visual Studio Solution File, Format Version 12.00
# Visual Studio 2012
Project("{FAE04EC0-301F-11D3-BF4B-00C04F79EFBC}") = "xUnitSample", "xUnitSample\xUnitSample.csproj", "{FDFC2B48-1E50-49FF-9A10-E385B9A43DF3}"
EndProject
Project("{FAE04EC0-301F-11D3-BF4B-00C04F79EFBC}") = "Test.xUnitSample", "Test.xUnitSample\Test.xUnitSample.csproj", "{3F49A839-B6D6-49E7-B930-14A34EC403E2}"
EndProject
Global
	GlobalSection(SolutionConfigurationPlatforms) = preSolution
		Debug|Any CPU = Debug|Any CPU
		Release|Any CPU = Release|Any CPU
	EndGlobalSection
	GlobalSection(ProjectConfigurationPlatforms) = postSolution
		{FDFC2B48-1E50-49FF-9A10-E385B9A43DF3}.Debug|Any CPU.ActiveCfg = Debug|Any CPU
		{FDFC2B48-1E50-49FF-9A10-E385B9A43DF3}.Debug|Any CPU.Build.0 = Debug|Any CPU
		{FDFC2B48-1E50-49FF-9A10-E385B9A43DF3}.Release|Any CPU.ActiveCfg = Release|Any CPU
		{FDFC2B48-1E50-49FF-9A10-E385B9A43DF3}.Release|Any CPU.Build.0 = Release|Any CPU
		{3F49A839-B6D6-49E7-B930-14A34EC403E2}.Debug|Any CPU.ActiveCfg = Debug|Any CPU
		{3F49A839-B6D6-49E7-B930-14A34EC403E2}.Debug|Any CPU.Build.0 = Debug|Any CPU
		{3F49A839-B6D6-49E7-B930-14A34EC403E2}.Release|Any CPU.ActiveCfg = Release|Any CPU
		{3F49A839-B6D6-49E7-B930-14A34EC403E2}.Release|Any CPU.Build.0 = Release|Any CPU
	EndGlobalSection
EndGlobal
